<Solution>
  <Project Path="com.rlabrecque.steamworks.net.csproj" />
  <Project Path="AttributesSamples.csproj" />
  <Project Path="EditorAttributes.Editor.csproj" />
  <Project Path="EditorAttributes.csproj" />
  <Project Path="Assembly-CSharp.csproj" />
  <Project Path="com.rlabrecque.steamworks.net.editor.csproj" />
  <Project Path="Assembly-CSharp-Editor.csproj" />
</Solution>
